
Microsoft Visual Studio Solution File, Format Version 12.00
# Visual Studio Version 16
VisualStudioVersion = 16.0.31515.178
MinimumVisualStudioVersion = 10.0.40219.1
Project("{FAE04EC0-301F-11D3-BF4B-00C04F79EFBC}") = "Demo.API", "Demo.API\Demo.API.csproj", "{22B799E5-ADCE-4C91-B14E-A567C8C86E7E}"
EndProject
Project("{FAE04EC0-301F-11D3-BF4B-00C04F79EFBC}") = "Demo.Domain", "Demo.Domain\Demo.Domain.csproj", "{70744D0D-43BB-4485-87B3-73E6A3E49254}"
EndProject
Project("{FAE04EC0-301F-11D3-BF4B-00C04F79EFBC}") = "Demo.Data", "Demo.Data\Demo.Data.csproj", "{3024EE0D-564E-4E66-846C-AAABB256E3B3}"
EndProject
Global
	GlobalSection(SolutionConfigurationPlatforms) = preSolution
		Debug|Any CPU = Debug|Any CPU
		Release|Any CPU = Release|Any CPU
	EndGlobalSection
	GlobalSection(ProjectConfigurationPlatforms) = postSolution
		{22B799E5-ADCE-4C91-B14E-A567C8C86E7E}.Debug|Any CPU.ActiveCfg = Debug|Any CPU
		{22B799E5-ADCE-4C91-B14E-A567C8C86E7E}.Debug|Any CPU.Build.0 = Debug|Any CPU
		{22B799E5-ADCE-4C91-B14E-A567C8C86E7E}.Release|Any CPU.ActiveCfg = Release|Any CPU
		{22B799E5-ADCE-4C91-B14E-A567C8C86E7E}.Release|Any CPU.Build.0 = Release|Any CPU
		{70744D0D-43BB-4485-87B3-73E6A3E49254}.Debug|Any CPU.ActiveCfg = Debug|Any CPU
		{70744D0D-43BB-4485-87B3-73E6A3E49254}.Debug|Any CPU.Build.0 = Debug|Any CPU
		{70744D0D-43BB-4485-87B3-73E6A3E49254}.Release|Any CPU.ActiveCfg = Release|Any CPU
		{70744D0D-43BB-4485-87B3-73E6A3E49254}.Release|Any CPU.Build.0 = Release|Any CPU
		{3024EE0D-564E-4E66-846C-AAABB256E3B3}.Debug|Any CPU.ActiveCfg = Debug|Any CPU
		{3024EE0D-564E-4E66-846C-AAABB256E3B3}.Debug|Any CPU.Build.0 = Debug|Any CPU
		{3024EE0D-564E-4E66-846C-AAABB256E3B3}.Release|Any CPU.ActiveCfg = Release|Any CPU
		{3024EE0D-564E-4E66-846C-AAABB256E3B3}.Release|Any CPU.Build.0 = Release|Any CPU
	EndGlobalSection
	GlobalSection(SolutionProperties) = preSolution
		HideSolutionNode = FALSE
	EndGlobalSection
	GlobalSection(ExtensibilityGlobals) = postSolution
		SolutionGuid = {9E9F0CB9-2E18-451A-B1E4-11A2AA64B54C}
	EndGlobalSection
EndGlobal
